
Microsoft Visual Studio Solution File, Format Version 12.00
# Visual Studio 15
VisualStudioVersion = 15.0.27428.2037
MinimumVisualStudioVersion = 10.0.40219.1
Project("{8BC9CEB8-8B4A-11D0-8D11-00A0C91BC942}") = "SECA", "SECA.vcxproj", "{1D9020EC-7B2C-4948-867A-0BF53D1B7AF3}"
EndProject
Project("{8BC9CEB8-8B4A-11D0-8D11-00A0C91BC942}") = "Engine", "..\Engine\Engine.vcxproj", "{E987E2D6-7FFF-49C5-BE26-4827A66322C7}"
EndProject
Global
	GlobalSection(SolutionConfigurationPlatforms) = preSolution
		Debug|x64 = Debug|x64
		Release|x64 = Release|x64
	EndGlobalSection
	GlobalSection(ProjectConfigurationPlatforms) = postSolution
		{1D9020EC-7B2C-4948-867A-0BF53D1B7AF3}.Debug|x64.ActiveCfg = Debug|x64
		{1D9020EC-7B2C-4948-867A-0BF53D1B7AF3}.Debug|x64.Build.0 = Debug|x64
		{1D9020EC-7B2C-4948-867A-0BF53D1B7AF3}.Release|x64.ActiveCfg = Release|x64
		{1D9020EC-7B2C-4948-867A-0BF53D1B7AF3}.Release|x64.Build.0 = Release|x64
		{E987E2D6-7FFF-49C5-BE26-4827A66322C7}.Debug|x64.ActiveCfg = Debug|x64
		{E987E2D6-7FFF-49C5-BE26-4827A66322C7}.Debug|x64.Build.0 = Debug|x64
		{E987E2D6-7FFF-49C5-BE26-4827A66322C7}.Release|x64.ActiveCfg = Release|x64
		{E987E2D6-7FFF-49C5-BE26-4827A66322C7}.Release|x64.Build.0 = Release|x64
	EndGlobalSection
	GlobalSection(SolutionProperties) = preSolution
		HideSolutionNode = FALSE
	EndGlobalSection
	GlobalSection(ExtensibilityGlobals) = postSolution
		SolutionGuid = {1D2B0BB4-9F23-42BB-9BB2-9B66D24691A5}
	EndGlobalSection
EndGlobal
