<?xml version="1.0" encoding="utf-8"?>
<Project ToolsVersion="4.0" xmlns="http://schemas.microsoft.com/developer/msbuild/2003">
  <ItemGroup>
    <Filter Include="render">
      <UniqueIdentifier>{df176c2f-9ab7-4148-bbb1-5c1c592df8ca}</UniqueIdentifier>
    </Filter>
    <Filter Include="render\shader">
      <UniqueIdentifier>{26b3f17b-6531-4ac4-a123-f539f46fd089}</UniqueIdentifier>
    </Filter>
    <Filter Include="util">
      <UniqueIdentifier>{23016de0-8e46-4aa8-90ac-a5fab69a0f0a}</UniqueIdentifier>
    </Filter>
    <Filter Include="_external">
      <UniqueIdentifier>{ea39fce2-14b3-48dc-bff6-18d0d4b54bf4}</UniqueIdentifier>
    </Filter>
    <Filter Include="_external\gl3w">
      <UniqueIdentifier>{b8a56852-4f6b-4494-869d-d0afdd0865a5}</UniqueIdentifier>
    </Filter>
    <Filter Include="_external\gl3w\GL">
      <UniqueIdentifier>{11941f8e-b134-4829-950c-9bb5be36c68c}</UniqueIdentifier>
    </Filter>
    <Filter Include="_external\glm">
      <UniqueIdentifier>{e8a582ba-20a3-4942-93d3-85d357050923}</UniqueIdentifier>
    </Filter>
    <Filter Include="_external\glm\glm">
      <UniqueIdentifier>{30211e38-21ad-44da-8622-ed3cf1588df3}</UniqueIdentifier>
    </Filter>
    <Filter Include="_external\imgui">
      <UniqueIdentifier>{496e7bb3-0027-4558-81a9-ed6ede98fbb1}</UniqueIdentifier>
    </Filter>
    <Filter Include="_external\linmath.h">
      <UniqueIdentifier>{87ed645d-357f-4662-abc1-c0cbbb9cd07c}</UniqueIdentifier>
    </Filter>
    <Filter Include="_external\stb">
      <UniqueIdentifier>{b9e2cadb-2524-4faf-9789-b8128743d31c}</UniqueIdentifier>
    </Filter>
    <Filter Include="_external\tinyobjloader">
      <UniqueIdentifier>{dc747d25-eee8-43bc-bf32-95de24bd58be}</UniqueIdentifier>
    </Filter>
    <Filter Include="format">
      <UniqueIdentifier>{861d7806-b9b4-43e7-ad94-2f967dd2aed5}</UniqueIdentifier>
    </Filter>
    <Filter Include="format\OBJ">
      <UniqueIdentifier>{552fae81-cb2c-46a0-9b76-b459f1393ee2}</UniqueIdentifier>
    </Filter>
    <Filter Include="format\FBX">
      <UniqueIdentifier>{28b71840-5c09-4913-b17d-2751e2d8b132}</UniqueIdentifier>
    </Filter>
    <Filter Include="_external\fbxsdk">
      <UniqueIdentifier>{1fc31857-0753-4237-80f1-52ff26c69d34}</UniqueIdentifier>
    </Filter>
  </ItemGroup>
  <ItemGroup>
    <ClCompile Include="render\Camera.cpp">
      <Filter>render</Filter>
    </ClCompile>
    <ClCompile Include="render\ShaderUtil.cpp">
      <Filter>render</Filter>
    </ClCompile>
    <ClCompile Include="util\Log.cpp">
      <Filter>util</Filter>
    </ClCompile>
    <ClCompile Include="..\external\gl3w\GL\gl3w.c">
      <Filter>_external\gl3w\GL</Filter>
    </ClCompile>
    <ClCompile Include="..\external\imgui-1.53\imgui.cpp">
      <Filter>_external\imgui</Filter>
    </ClCompile>
    <ClCompile Include="..\external\imgui-1.53\imgui_demo.cpp">
      <Filter>_external\imgui</Filter>
    </ClCompile>
    <ClCompile Include="..\external\imgui-1.53\imgui_draw.cpp">
      <Filter>_external\imgui</Filter>
    </ClCompile>
    <ClCompile Include="..\external\imgui-1.53\imgui_impl_glfw_gl3.cpp">
      <Filter>_external\imgui</Filter>
    </ClCompile>
    <ClCompile Include="stdafx.cpp" />
    <ClCompile Include="format\OBJ\OBJLoader.cpp">
      <Filter>format\OBJ</Filter>
    </ClCompile>
    <ClCompile Include="render\RenderObject.cpp">
      <Filter>render</Filter>
    </ClCompile>
    <ClCompile Include="format\FBX\FBXLoader.cpp">
      <Filter>format\FBX</Filter>
    </ClCompile>
  </ItemGroup>
  <ItemGroup>
    <ClInclude Include="render\Camera.h">
      <Filter>render</Filter>
    </ClInclude>
    <ClInclude Include="render\ShaderUtil.h">
      <Filter>render</Filter>
    </ClInclude>
    <ClInclude Include="util\Log.h">
      <Filter>util</Filter>
    </ClInclude>
    <ClInclude Include="..\external\gl3w\GL\gl3w.h">
      <Filter>_external\gl3w\GL</Filter>
    </ClInclude>
    <ClInclude Include="..\external\gl3w\GL\glcorearb.h">
      <Filter>_external\gl3w\GL</Filter>
    </ClInclude>
    <ClInclude Include="..\external\glm\glm\glm.hpp">
      <Filter>_external\glm\glm</Filter>
    </ClInclude>
    <ClInclude Include="..\external\imgui-1.53\imgui_impl_glfw_gl3.h">
      <Filter>_external\imgui</Filter>
    </ClInclude>
    <ClInclude Include="..\external\imgui-1.53\imgui_internal.h">
      <Filter>_external\imgui</Filter>
    </ClInclude>
    <ClInclude Include="..\external\imgui-1.53\stb_rect_pack.h">
      <Filter>_external\imgui</Filter>
    </ClInclude>
    <ClInclude Include="..\external\imgui-1.53\stb_textedit.h">
      <Filter>_external\imgui</Filter>
    </ClInclude>
    <ClInclude Include="..\external\imgui-1.53\stb_truetype.h">
      <Filter>_external\imgui</Filter>
    </ClInclude>
    <ClInclude Include="..\external\imgui-1.53\imconfig.h">
      <Filter>_external\imgui</Filter>
    </ClInclude>
    <ClInclude Include="..\external\imgui-1.53\imgui.h">
      <Filter>_external\imgui</Filter>
    </ClInclude>
    <ClInclude Include="..\external\linmath.h\linmath.h">
      <Filter>_external\linmath.h</Filter>
    </ClInclude>
    <ClInclude Include="..\external\tinyobjloader\tiny_obj_loader.h">
      <Filter>_external\tinyobjloader</Filter>
    </ClInclude>
    <ClInclude Include="..\external\stb\stb_image.h">
      <Filter>_external\stb</Filter>
    </ClInclude>
    <ClInclude Include="stdafx.h" />
    <ClInclude Include="format\OBJ\OBJLoader.h">
      <Filter>format\OBJ</Filter>
    </ClInclude>
    <ClInclude Include="render\RenderObject.h">
      <Filter>render</Filter>
    </ClInclude>
    <ClInclude Include="render\Object.h">
      <Filter>render</Filter>
    </ClInclude>
    <ClInclude Include="format\FBX\FBXLoader.h">
      <Filter>format\FBX</Filter>
    </ClInclude>
    <ClInclude Include="..\external\FBX SDK\2018.1.1\include\fbxsdk.h">
      <Filter>_external\fbxsdk</Filter>
    </ClInclude>
  </ItemGroup>
  <ItemGroup>
    <None Include="render\shader\UVonly.vert">
      <Filter>render\shader</Filter>
    </None>
    <None Include="render\shader\UVonly.frag">
      <Filter>render\shader</Filter>
    </None>
  </ItemGroup>
</Project>